// !$*UTF8*$!
{
	archiveVersion = 1;
	classes = {
	};
	objectVersion = 46;
	objects = {

/* Begin PBXBuildFile section */
		69776E9A1B9B2CF3009961EB /* SwipeView.swift in Sources */ = {isa = PBXBuildFile; fileRef = 69776E991B9B2CF3009961EB /* SwipeView.swift */; };
		69A186DD1BD0B177005EDDF0 /* BrandonGrotesque-Black.otf in Resources */ = {isa = PBXBuildFile; fileRef = 69A186D11BD0ACF3005EDDF0 /* BrandonGrotesque-Black.otf */; };
		69A186DE1BD0B177005EDDF0 /* BrandonGrotesque-BlackItalic.otf in Resources */ = {isa = PBXBuildFile; fileRef = 69A186D21BD0ACF3005EDDF0 /* BrandonGrotesque-BlackItalic.otf */; };
		69A186DF1BD0B177005EDDF0 /* BrandonGrotesque-Bold.otf in Resources */ = {isa = PBXBuildFile; fileRef = 69A186D31BD0ACF3005EDDF0 /* BrandonGrotesque-Bold.otf */; };
		69A186E01BD0B177005EDDF0 /* BrandonGrotesque-BoldItalic.otf in Resources */ = {isa = PBXBuildFile; fileRef = 69A186D41BD0ACF3005EDDF0 /* BrandonGrotesque-BoldItalic.otf */; };
		69A186E11BD0B177005EDDF0 /* BrandonGrotesque-Light.otf in Resources */ = {isa = PBXBuildFile; fileRef = 69A186D51BD0ACF3005EDDF0 /* BrandonGrotesque-Light.otf */; };
		69A186E21BD0B177005EDDF0 /* BrandonGrotesque-LightItalic.otf in Resources */ = {isa = PBXBuildFile; fileRef = 69A186D61BD0ACF3005EDDF0 /* BrandonGrotesque-LightItalic.otf */; };
		69A186E31BD0B177005EDDF0 /* BrandonGrotesque-Medium.otf in Resources */ = {isa = PBXBuildFile; fileRef = 69A186D71BD0ACF3005EDDF0 /* BrandonGrotesque-Medium.otf */; };
		69A186E41BD0B177005EDDF0 /* BrandonGrotesque-MediumItalic.otf in Resources */ = {isa = PBXBuildFile; fileRef = 69A186D81BD0ACF3005EDDF0 /* BrandonGrotesque-MediumItalic.otf */; };
		69A186E51BD0B177005EDDF0 /* BrandonGrotesque-Regular.otf in Resources */ = {isa = PBXBuildFile; fileRef = 69A186D91BD0ACF3005EDDF0 /* BrandonGrotesque-Regular.otf */; };
		69A186E61BD0B177005EDDF0 /* BrandonGrotesque-RegularItalic.otf in Resources */ = {isa = PBXBuildFile; fileRef = 69A186DA1BD0ACF3005EDDF0 /* BrandonGrotesque-RegularItalic.otf */; };
		69A186E71BD0B177005EDDF0 /* BrandonGrotesque-Thin.otf in Resources */ = {isa = PBXBuildFile; fileRef = 69A186DB1BD0ACF3005EDDF0 /* BrandonGrotesque-Thin.otf */; };
		69A186E81BD0B177005EDDF0 /* BrandonGrotesque-ThinItalic.otf in Resources */ = {isa = PBXBuildFile; fileRef = 69A186DC1BD0ACF3005EDDF0 /* BrandonGrotesque-ThinItalic.otf */; };
		69A3AF0C1B92C2EE00E4DBFF /* AppDelegate.swift in Sources */ = {isa = PBXBuildFile; fileRef = 69A3AF0B1B92C2EE00E4DBFF /* AppDelegate.swift */; };
		69A3AF0F1B92C2EE00E4DBFF /* Foodie.xcdatamodeld in Sources */ = {isa = PBXBuildFile; fileRef = 69A3AF0D1B92C2EE00E4DBFF /* Foodie.xcdatamodeld */; };
		69A3AF111B92C2EE00E4DBFF /* ViewController.swift in Sources */ = {isa = PBXBuildFile; fileRef = 69A3AF101B92C2EE00E4DBFF /* ViewController.swift */; };
		69A3AF141B92C2EE00E4DBFF /* Main.storyboard in Resources */ = {isa = PBXBuildFile; fileRef = 69A3AF121B92C2EE00E4DBFF /* Main.storyboard */; };
		69A3AF161B92C2EE00E4DBFF /* Images.xcassets in Resources */ = {isa = PBXBuildFile; fileRef = 69A3AF151B92C2EE00E4DBFF /* Images.xcassets */; };
		69A3AF191B92C2EE00E4DBFF /* LaunchScreen.xib in Resources */ = {isa = PBXBuildFile; fileRef = 69A3AF171B92C2EE00E4DBFF /* LaunchScreen.xib */; };
		69A3AF251B92C2EE00E4DBFF /* FoodieTests.swift in Sources */ = {isa = PBXBuildFile; fileRef = 69A3AF241B92C2EE00E4DBFF /* FoodieTests.swift */; };
		69A3AF301B92C35000E4DBFF /* Bolts.framework in Frameworks */ = {isa = PBXBuildFile; fileRef = 69A3AF2E1B92C35000E4DBFF /* Bolts.framework */; };
		69A3AF311B92C35000E4DBFF /* Parse.framework in Frameworks */ = {isa = PBXBuildFile; fileRef = 69A3AF2F1B92C35000E4DBFF /* Parse.framework */; };
		69A3AF331B92C37300E4DBFF /* AudioToolbox.framework in Frameworks */ = {isa = PBXBuildFile; fileRef = 69A3AF321B92C37300E4DBFF /* AudioToolbox.framework */; };
		69A3AF351B92C37D00E4DBFF /* CFNetwork.framework in Frameworks */ = {isa = PBXBuildFile; fileRef = 69A3AF341B92C37D00E4DBFF /* CFNetwork.framework */; };
		69A3AF371B92C38500E4DBFF /* CoreGraphics.framework in Frameworks */ = {isa = PBXBuildFile; fileRef = 69A3AF361B92C38500E4DBFF /* CoreGraphics.framework */; };
		69A3AF391B92C38C00E4DBFF /* CoreLocation.framework in Frameworks */ = {isa = PBXBuildFile; fileRef = 69A3AF381B92C38C00E4DBFF /* CoreLocation.framework */; };
		69A3AF3B1B92C39300E4DBFF /* QuartzCore.framework in Frameworks */ = {isa = PBXBuildFile; fileRef = 69A3AF3A1B92C39300E4DBFF /* QuartzCore.framework */; };
		69A3AF3D1B92C39900E4DBFF /* Security.framework in Frameworks */ = {isa = PBXBuildFile; fileRef = 69A3AF3C1B92C39900E4DBFF /* Security.framework */; };
		69A3AF3F1B92C3A500E4DBFF /* StoreKit.framework in Frameworks */ = {isa = PBXBuildFile; fileRef = 69A3AF3E1B92C3A500E4DBFF /* StoreKit.framework */; };
		69A3AF411B92C3B000E4DBFF /* SystemConfiguration.framework in Frameworks */ = {isa = PBXBuildFile; fileRef = 69A3AF401B92C3B000E4DBFF /* SystemConfiguration.framework */; };
		69A3AF431B92C3C000E4DBFF /* libsqlite3.dylib in Frameworks */ = {isa = PBXBuildFile; fileRef = 69A3AF421B92C3C000E4DBFF /* libsqlite3.dylib */; };
		69A3AF451B92C3C900E4DBFF /* libz.dylib in Frameworks */ = {isa = PBXBuildFile; fileRef = 69A3AF441B92C3C900E4DBFF /* libz.dylib */; };
		69A3AF4F1B94BE5B00E4DBFF /* User.swift in Sources */ = {isa = PBXBuildFile; fileRef = 69A3AF4E1B94BE5B00E4DBFF /* User.swift */; };
		69A3AF511B94C7E000E4DBFF /* Match.swift in Sources */ = {isa = PBXBuildFile; fileRef = 69A3AF501B94C7E000E4DBFF /* Match.swift */; };
		69A3AF531B94C9D500E4DBFF /* Place.swift in Sources */ = {isa = PBXBuildFile; fileRef = 69A3AF521B94C9D500E4DBFF /* Place.swift */; };
		69A3AF571B94CE8400E4DBFF /* FBSDKCoreKit.framework in Frameworks */ = {isa = PBXBuildFile; fileRef = 69A3AF541B94CE8400E4DBFF /* FBSDKCoreKit.framework */; };
		69A3AF581B94CE8400E4DBFF /* FBSDKLoginKit.framework in Frameworks */ = {isa = PBXBuildFile; fileRef = 69A3AF551B94CE8400E4DBFF /* FBSDKLoginKit.framework */; };
		69A3AF591B94CE8400E4DBFF /* FBSDKShareKit.framework in Frameworks */ = {isa = PBXBuildFile; fileRef = 69A3AF561B94CE8400E4DBFF /* FBSDKShareKit.framework */; };
		69A3AF5D1B94D0B400E4DBFF /* ParseFacebookUtilsV4.framework in Frameworks */ = {isa = PBXBuildFile; fileRef = 69A3AF5C1B94D0B400E4DBFF /* ParseFacebookUtilsV4.framework */; };
		69A3AF5F1B94D5CE00E4DBFF /* LoginViewController.swift in Sources */ = {isa = PBXBuildFile; fileRef = 69A3AF5E1B94D5CE00E4DBFF /* LoginViewController.swift */; };
		69A3AF611B97D17000E4DBFF /* CardsViewController.swift in Sources */ = {isa = PBXBuildFile; fileRef = 69A3AF601B97D17000E4DBFF /* CardsViewController.swift */; };
		69A3AF631B97D90F00E4DBFF /* CardView.swift in Sources */ = {isa = PBXBuildFile; fileRef = 69A3AF621B97D90F00E4DBFF /* CardView.swift */; };
/* End PBXBuildFile section */

/* Begin PBXContainerItemProxy section */
		69A3AF1F1B92C2EE00E4DBFF /* PBXContainerItemProxy */ = {
			isa = PBXContainerItemProxy;
			containerPortal = 69A3AEFE1B92C2EE00E4DBFF /* Project object */;
			proxyType = 1;
			remoteGlobalIDString = 69A3AF051B92C2EE00E4DBFF;
			remoteInfo = Foodie;
		};
/* End PBXContainerItemProxy section */

/* Begin PBXFileReference section */
		69776E991B9B2CF3009961EB /* SwipeView.swift */ = {isa = PBXFileReference; fileEncoding = 4; lastKnownFileType = sourcecode.swift; path = SwipeView.swift; sourceTree = "<group>"; };
		69A186D11BD0ACF3005EDDF0 /* BrandonGrotesque-Black.otf */ = {isa = PBXFileReference; lastKnownFileType = file; path = "BrandonGrotesque-Black.otf"; sourceTree = "<group>"; };
		69A186D21BD0ACF3005EDDF0 /* BrandonGrotesque-BlackItalic.otf */ = {isa = PBXFileReference; lastKnownFileType = file; path = "BrandonGrotesque-BlackItalic.otf"; sourceTree = "<group>"; };
		69A186D31BD0ACF3005EDDF0 /* BrandonGrotesque-Bold.otf */ = {isa = PBXFileReference; lastKnownFileType = file; path = "BrandonGrotesque-Bold.otf"; sourceTree = "<group>"; };
		69A186D41BD0ACF3005EDDF0 /* BrandonGrotesque-BoldItalic.otf */ = {isa = PBXFileReference; lastKnownFileType = file; path = "BrandonGrotesque-BoldItalic.otf"; sourceTree = "<group>"; };
		69A186D51BD0ACF3005EDDF0 /* BrandonGrotesque-Light.otf */ = {isa = PBXFileReference; lastKnownFileType = file; path = "BrandonGrotesque-Light.otf"; sourceTree = "<group>"; };
		69A186D61BD0ACF3005EDDF0 /* BrandonGrotesque-LightItalic.otf */ = {isa = PBXFileReference; lastKnownFileType = file; path = "BrandonGrotesque-LightItalic.otf"; sourceTree = "<group>"; };
		69A186D71BD0ACF3005EDDF0 /* BrandonGrotesque-Medium.otf */ = {isa = PBXFileReference; lastKnownFileType = file; path = "BrandonGrotesque-Medium.otf"; sourceTree = "<group>"; };
		69A186D81BD0ACF3005EDDF0 /* BrandonGrotesque-MediumItalic.otf */ = {isa = PBXFileReference; lastKnownFileType = file; path = "BrandonGrotesque-MediumItalic.otf"; sourceTree = "<group>"; };
		69A186D91BD0ACF3005EDDF0 /* BrandonGrotesque-Regular.otf */ = {isa = PBXFileReference; lastKnownFileType = file; path = "BrandonGrotesque-Regular.otf"; sourceTree = "<group>"; };
		69A186DA1BD0ACF3005EDDF0 /* BrandonGrotesque-RegularItalic.otf */ = {isa = PBXFileReference; lastKnownFileType = file; path = "BrandonGrotesque-RegularItalic.otf"; sourceTree = "<group>"; };
		69A186DB1BD0ACF3005EDDF0 /* BrandonGrotesque-Thin.otf */ = {isa = PBXFileReference; lastKnownFileType = file; path = "BrandonGrotesque-Thin.otf"; sourceTree = "<group>"; };
		69A186DC1BD0ACF3005EDDF0 /* BrandonGrotesque-ThinItalic.otf */ = {isa = PBXFileReference; lastKnownFileType = file; path = "BrandonGrotesque-ThinItalic.otf"; sourceTree = "<group>"; };
		69A3AF061B92C2EE00E4DBFF /* Foodie.app */ = {isa = PBXFileReference; explicitFileType = wrapper.application; includeInIndex = 0; path = Foodie.app; sourceTree = BUILT_PRODUCTS_DIR; };
		69A3AF0A1B92C2EE00E4DBFF /* Info.plist */ = {isa = PBXFileReference; lastKnownFileType = text.plist.xml; path = Info.plist; sourceTree = "<group>"; };
		69A3AF0B1B92C2EE00E4DBFF /* AppDelegate.swift */ = {isa = PBXFileReference; lastKnownFileType = sourcecode.swift; path = AppDelegate.swift; sourceTree = "<group>"; };
		69A3AF0E1B92C2EE00E4DBFF /* Foodie.xcdatamodel */ = {isa = PBXFileReference; lastKnownFileType = wrapper.xcdatamodel; path = Foodie.xcdatamodel; sourceTree = "<group>"; };
		69A3AF101B92C2EE00E4DBFF /* ViewController.swift */ = {isa = PBXFileReference; lastKnownFileType = sourcecode.swift; name = ViewController.swift; path = Foodie/ViewController.swift; sourceTree = "<group>"; };
		69A3AF131B92C2EE00E4DBFF /* Base */ = {isa = PBXFileReference; lastKnownFileType = file.storyboard; name = Base; path = Base.lproj/Main.storyboard; sourceTree = "<group>"; };
		69A3AF151B92C2EE00E4DBFF /* Images.xcassets */ = {isa = PBXFileReference; lastKnownFileType = folder.assetcatalog; path = Images.xcassets; sourceTree = "<group>"; };
		69A3AF181B92C2EE00E4DBFF /* Base */ = {isa = PBXFileReference; lastKnownFileType = file.xib; name = Base; path = Base.lproj/LaunchScreen.xib; sourceTree = "<group>"; };
		69A3AF1E1B92C2EE00E4DBFF /* FoodieTests.xctest */ = {isa = PBXFileReference; explicitFileType = wrapper.cfbundle; includeInIndex = 0; path = FoodieTests.xctest; sourceTree = BUILT_PRODUCTS_DIR; };
		69A3AF231B92C2EE00E4DBFF /* Info.plist */ = {isa = PBXFileReference; lastKnownFileType = text.plist.xml; path = Info.plist; sourceTree = "<group>"; };
		69A3AF241B92C2EE00E4DBFF /* FoodieTests.swift */ = {isa = PBXFileReference; lastKnownFileType = sourcecode.swift; path = FoodieTests.swift; sourceTree = "<group>"; };
		69A3AF2E1B92C35000E4DBFF /* Bolts.framework */ = {isa = PBXFileReference; lastKnownFileType = wrapper.framework; path = Bolts.framework; sourceTree = "<group>"; };
		69A3AF2F1B92C35000E4DBFF /* Parse.framework */ = {isa = PBXFileReference; lastKnownFileType = wrapper.framework; path = Parse.framework; sourceTree = "<group>"; };
		69A3AF321B92C37300E4DBFF /* AudioToolbox.framework */ = {isa = PBXFileReference; lastKnownFileType = wrapper.framework; name = AudioToolbox.framework; path = System/Library/Frameworks/AudioToolbox.framework; sourceTree = SDKROOT; };
		69A3AF341B92C37D00E4DBFF /* CFNetwork.framework */ = {isa = PBXFileReference; lastKnownFileType = wrapper.framework; name = CFNetwork.framework; path = System/Library/Frameworks/CFNetwork.framework; sourceTree = SDKROOT; };
		69A3AF361B92C38500E4DBFF /* CoreGraphics.framework */ = {isa = PBXFileReference; lastKnownFileType = wrapper.framework; name = CoreGraphics.framework; path = System/Library/Frameworks/CoreGraphics.framework; sourceTree = SDKROOT; };
		69A3AF381B92C38C00E4DBFF /* CoreLocation.framework */ = {isa = PBXFileReference; lastKnownFileType = wrapper.framework; name = CoreLocation.framework; path = System/Library/Frameworks/CoreLocation.framework; sourceTree = SDKROOT; };
		69A3AF3A1B92C39300E4DBFF /* QuartzCore.framework */ = {isa = PBXFileReference; lastKnownFileType = wrapper.framework; name = QuartzCore.framework; path = System/Library/Frameworks/QuartzCore.framework; sourceTree = SDKROOT; };
		69A3AF3C1B92C39900E4DBFF /* Security.framework */ = {isa = PBXFileReference; lastKnownFileType = wrapper.framework; name = Security.framework; path = System/Library/Frameworks/Security.framework; sourceTree = SDKROOT; };
		69A3AF3E1B92C3A500E4DBFF /* StoreKit.framework */ = {isa = PBXFileReference; lastKnownFileType = wrapper.framework; name = StoreKit.framework; path = System/Library/Frameworks/StoreKit.framework; sourceTree = SDKROOT; };
		69A3AF401B92C3B000E4DBFF /* SystemConfiguration.framework */ = {isa = PBXFileReference; lastKnownFileType = wrapper.framework; name = SystemConfiguration.framework; path = System/Library/Frameworks/SystemConfiguration.framework; sourceTree = SDKROOT; };
		69A3AF421B92C3C000E4DBFF /* libsqlite3.dylib */ = {isa = PBXFileReference; lastKnownFileType = "compiled.mach-o.dylib"; name = libsqlite3.dylib; path = usr/lib/libsqlite3.dylib; sourceTree = SDKROOT; };
		69A3AF441B92C3C900E4DBFF /* libz.dylib */ = {isa = PBXFileReference; lastKnownFileType = "compiled.mach-o.dylib"; name = libz.dylib; path = usr/lib/libz.dylib; sourceTree = SDKROOT; };
		69A3AF4E1B94BE5B00E4DBFF /* User.swift */ = {isa = PBXFileReference; fileEncoding = 4; lastKnownFileType = sourcecode.swift; path = User.swift; sourceTree = "<group>"; };
		69A3AF501B94C7E000E4DBFF /* Match.swift */ = {isa = PBXFileReference; fileEncoding = 4; lastKnownFileType = sourcecode.swift; path = Match.swift; sourceTree = "<group>"; };
		69A3AF521B94C9D500E4DBFF /* Place.swift */ = {isa = PBXFileReference; fileEncoding = 4; lastKnownFileType = sourcecode.swift; path = Place.swift; sourceTree = "<group>"; };
		69A3AF541B94CE8400E4DBFF /* FBSDKCoreKit.framework */ = {isa = PBXFileReference; lastKnownFileType = wrapper.framework; name = FBSDKCoreKit.framework; path = "../../../../Downloads/FacebookSDKs-iOS-20150813/FBSDKCoreKit.framework"; sourceTree = "<group>"; };
		69A3AF551B94CE8400E4DBFF /* FBSDKLoginKit.framework */ = {isa = PBXFileReference; lastKnownFileType = wrapper.framework; name = FBSDKLoginKit.framework; path = "../../../../Downloads/FacebookSDKs-iOS-20150813/FBSDKLoginKit.framework"; sourceTree = "<group>"; };
		69A3AF561B94CE8400E4DBFF /* FBSDKShareKit.framework */ = {isa = PBXFileReference; lastKnownFileType = wrapper.framework; name = FBSDKShareKit.framework; path = "../../../../Downloads/FacebookSDKs-iOS-20150813/FBSDKShareKit.framework"; sourceTree = "<group>"; };
		69A3AF5C1B94D0B400E4DBFF /* ParseFacebookUtilsV4.framework */ = {isa = PBXFileReference; lastKnownFileType = wrapper.framework; path = ParseFacebookUtilsV4.framework; sourceTree = "<group>"; };
		69A3AF5E1B94D5CE00E4DBFF /* LoginViewController.swift */ = {isa = PBXFileReference; fileEncoding = 4; lastKnownFileType = sourcecode.swift; path = LoginViewController.swift; sourceTree = "<group>"; };
		69A3AF601B97D17000E4DBFF /* CardsViewController.swift */ = {isa = PBXFileReference; fileEncoding = 4; lastKnownFileType = sourcecode.swift; path = CardsViewController.swift; sourceTree = "<group>"; };
		69A3AF621B97D90F00E4DBFF /* CardView.swift */ = {isa = PBXFileReference; fileEncoding = 4; lastKnownFileType = sourcecode.swift; path = CardView.swift; sourceTree = "<group>"; };
/* End PBXFileReference section */

/* Begin PBXFrameworksBuildPhase section */
		69A3AF031B92C2EE00E4DBFF /* Frameworks */ = {
			isa = PBXFrameworksBuildPhase;
			buildActionMask = 2147483647;
			files = (
				69A3AF451B92C3C900E4DBFF /* libz.dylib in Frameworks */,
				69A3AF431B92C3C000E4DBFF /* libsqlite3.dylib in Frameworks */,
				69A3AF591B94CE8400E4DBFF /* FBSDKShareKit.framework in Frameworks */,
				69A3AF411B92C3B000E4DBFF /* SystemConfiguration.framework in Frameworks */,
				69A3AF3F1B92C3A500E4DBFF /* StoreKit.framework in Frameworks */,
				69A3AF581B94CE8400E4DBFF /* FBSDKLoginKit.framework in Frameworks */,
				69A3AF3D1B92C39900E4DBFF /* Security.framework in Frameworks */,
				69A3AF3B1B92C39300E4DBFF /* QuartzCore.framework in Frameworks */,
				69A3AF391B92C38C00E4DBFF /* CoreLocation.framework in Frameworks */,
				69A3AF371B92C38500E4DBFF /* CoreGraphics.framework in Frameworks */,
				69A3AF5D1B94D0B400E4DBFF /* ParseFacebookUtilsV4.framework in Frameworks */,
				69A3AF571B94CE8400E4DBFF /* FBSDKCoreKit.framework in Frameworks */,
				69A3AF351B92C37D00E4DBFF /* CFNetwork.framework in Frameworks */,
				69A3AF331B92C37300E4DBFF /* AudioToolbox.framework in Frameworks */,
				69A3AF311B92C35000E4DBFF /* Parse.framework in Frameworks */,
				69A3AF301B92C35000E4DBFF /* Bolts.framework in Frameworks */,
			);
			runOnlyForDeploymentPostprocessing = 0;
		};
		69A3AF1B1B92C2EE00E4DBFF /* Frameworks */ = {
			isa = PBXFrameworksBuildPhase;
			buildActionMask = 2147483647;
			files = (
			);
			runOnlyForDeploymentPostprocessing = 0;
		};
/* End PBXFrameworksBuildPhase section */

/* Begin PBXGroup section */
		69A3AEFD1B92C2EE00E4DBFF = {
			isa = PBXGroup;
			children = (
				69A3AF4A1B94BE0C00E4DBFF /* Frameworks */,
				69A3AF4D1B94BE3500E4DBFF /* ViewControllers */,
				69A3AF4C1B94BE2D00E4DBFF /* Views */,
				69A3AF4B1B94BE2100E4DBFF /* Data */,
				69A3AF081B92C2EE00E4DBFF /* Foodie */,
				69A3AF211B92C2EE00E4DBFF /* FoodieTests */,
				69A3AF071B92C2EE00E4DBFF /* Products */,
			);
			sourceTree = "<group>";
		};
		69A3AF071B92C2EE00E4DBFF /* Products */ = {
			isa = PBXGroup;
			children = (
				69A3AF061B92C2EE00E4DBFF /* Foodie.app */,
				69A3AF1E1B92C2EE00E4DBFF /* FoodieTests.xctest */,
			);
			name = Products;
			sourceTree = "<group>";
		};
		69A3AF081B92C2EE00E4DBFF /* Foodie */ = {
			isa = PBXGroup;
			children = (
				69A3AF0B1B92C2EE00E4DBFF /* AppDelegate.swift */,
				69A3AF121B92C2EE00E4DBFF /* Main.storyboard */,
				69A3AF151B92C2EE00E4DBFF /* Images.xcassets */,
				69A3AF171B92C2EE00E4DBFF /* LaunchScreen.xib */,
				69A3AF0D1B92C2EE00E4DBFF /* Foodie.xcdatamodeld */,
				69A3AF091B92C2EE00E4DBFF /* Supporting Files */,
			);
			path = Foodie;
			sourceTree = "<group>";
		};
		69A3AF091B92C2EE00E4DBFF /* Supporting Files */ = {
			isa = PBXGroup;
			children = (
				69A186D11BD0ACF3005EDDF0 /* BrandonGrotesque-Black.otf */,
				69A186D21BD0ACF3005EDDF0 /* BrandonGrotesque-BlackItalic.otf */,
				69A186D31BD0ACF3005EDDF0 /* BrandonGrotesque-Bold.otf */,
				69A186D41BD0ACF3005EDDF0 /* BrandonGrotesque-BoldItalic.otf */,
				69A186D51BD0ACF3005EDDF0 /* BrandonGrotesque-Light.otf */,
				69A186D61BD0ACF3005EDDF0 /* BrandonGrotesque-LightItalic.otf */,
				69A186D71BD0ACF3005EDDF0 /* BrandonGrotesque-Medium.otf */,
				69A186D81BD0ACF3005EDDF0 /* BrandonGrotesque-MediumItalic.otf */,
				69A186D91BD0ACF3005EDDF0 /* BrandonGrotesque-Regular.otf */,
				69A186DA1BD0ACF3005EDDF0 /* BrandonGrotesque-RegularItalic.otf */,
				69A186DB1BD0ACF3005EDDF0 /* BrandonGrotesque-Thin.otf */,
				69A186DC1BD0ACF3005EDDF0 /* BrandonGrotesque-ThinItalic.otf */,
				69A3AF0A1B92C2EE00E4DBFF /* Info.plist */,
			);
			name = "Supporting Files";
			sourceTree = "<group>";
		};
		69A3AF211B92C2EE00E4DBFF /* FoodieTests */ = {
			isa = PBXGroup;
			children = (
				69A3AF241B92C2EE00E4DBFF /* FoodieTests.swift */,
				69A3AF221B92C2EE00E4DBFF /* Supporting Files */,
			);
			path = FoodieTests;
			sourceTree = "<group>";
		};
		69A3AF221B92C2EE00E4DBFF /* Supporting Files */ = {
			isa = PBXGroup;
			children = (
				69A3AF231B92C2EE00E4DBFF /* Info.plist */,
			);
			name = "Supporting Files";
			sourceTree = "<group>";
		};
		69A3AF4A1B94BE0C00E4DBFF /* Frameworks */ = {
			isa = PBXGroup;
			children = (
				69A3AF5C1B94D0B400E4DBFF /* ParseFacebookUtilsV4.framework */,
				69A3AF541B94CE8400E4DBFF /* FBSDKCoreKit.framework */,
				69A3AF551B94CE8400E4DBFF /* FBSDKLoginKit.framework */,
				69A3AF561B94CE8400E4DBFF /* FBSDKShareKit.framework */,
				69A3AF441B92C3C900E4DBFF /* libz.dylib */,
				69A3AF421B92C3C000E4DBFF /* libsqlite3.dylib */,
				69A3AF401B92C3B000E4DBFF /* SystemConfiguration.framework */,
				69A3AF3E1B92C3A500E4DBFF /* StoreKit.framework */,
				69A3AF3C1B92C39900E4DBFF /* Security.framework */,
				69A3AF3A1B92C39300E4DBFF /* QuartzCore.framework */,
				69A3AF381B92C38C00E4DBFF /* CoreLocation.framework */,
				69A3AF361B92C38500E4DBFF /* CoreGraphics.framework */,
				69A3AF341B92C37D00E4DBFF /* CFNetwork.framework */,
				69A3AF321B92C37300E4DBFF /* AudioToolbox.framework */,
				69A3AF2E1B92C35000E4DBFF /* Bolts.framework */,
				69A3AF2F1B92C35000E4DBFF /* Parse.framework */,
			);
			name = Frameworks;
			sourceTree = "<group>";
		};
		69A3AF4B1B94BE2100E4DBFF /* Data */ = {
			isa = PBXGroup;
			children = (
				69A3AF4E1B94BE5B00E4DBFF /* User.swift */,
				69A3AF501B94C7E000E4DBFF /* Match.swift */,
				69A3AF521B94C9D500E4DBFF /* Place.swift */,
			);
			name = Data;
			sourceTree = "<group>";
		};
		69A3AF4C1B94BE2D00E4DBFF /* Views */ = {
			isa = PBXGroup;
			children = (
				69A3AF621B97D90F00E4DBFF /* CardView.swift */,
				69776E991B9B2CF3009961EB /* SwipeView.swift */,
			);
			name = Views;
			sourceTree = "<group>";
		};
		69A3AF4D1B94BE3500E4DBFF /* ViewControllers */ = {
			isa = PBXGroup;
			children = (
				69A3AF101B92C2EE00E4DBFF /* ViewController.swift */,
				69A3AF601B97D17000E4DBFF /* CardsViewController.swift */,
				69A3AF5E1B94D5CE00E4DBFF /* LoginViewController.swift */,
			);
			name = ViewControllers;
			sourceTree = "<group>";
		};
/* End PBXGroup section */

/* Begin PBXNativeTarget section */
		69A3AF051B92C2EE00E4DBFF /* Foodie */ = {
			isa = PBXNativeTarget;
			buildConfigurationList = 69A3AF281B92C2EE00E4DBFF /* Build configuration list for PBXNativeTarget "Foodie" */;
			buildPhases = (
				69A3AF021B92C2EE00E4DBFF /* Sources */,
				69A3AF031B92C2EE00E4DBFF /* Frameworks */,
				69A3AF041B92C2EE00E4DBFF /* Resources */,
			);
			buildRules = (
			);
			dependencies = (
			);
			name = Foodie;
			productName = Foodie;
			productReference = 69A3AF061B92C2EE00E4DBFF /* Foodie.app */;
			productType = "com.apple.product-type.application";
		};
		69A3AF1D1B92C2EE00E4DBFF /* FoodieTests */ = {
			isa = PBXNativeTarget;
			buildConfigurationList = 69A3AF2B1B92C2EE00E4DBFF /* Build configuration list for PBXNativeTarget "FoodieTests" */;
			buildPhases = (
				69A3AF1A1B92C2EE00E4DBFF /* Sources */,
				69A3AF1B1B92C2EE00E4DBFF /* Frameworks */,
				69A3AF1C1B92C2EE00E4DBFF /* Resources */,
			);
			buildRules = (
			);
			dependencies = (
				69A3AF201B92C2EE00E4DBFF /* PBXTargetDependency */,
			);
			name = FoodieTests;
			productName = FoodieTests;
			productReference = 69A3AF1E1B92C2EE00E4DBFF /* FoodieTests.xctest */;
			productType = "com.apple.product-type.bundle.unit-test";
		};
/* End PBXNativeTarget section */

/* Begin PBXProject section */
		69A3AEFE1B92C2EE00E4DBFF /* Project object */ = {
			isa = PBXProject;
			attributes = {
				LastSwiftMigration = 0700;
				LastSwiftUpdateCheck = 0700;
				LastUpgradeCheck = 0640;
				ORGANIZATIONNAME = "Justine Breuch";
				TargetAttributes = {
					69A3AF051B92C2EE00E4DBFF = {
						CreatedOnToolsVersion = 6.4;
					};
					69A3AF1D1B92C2EE00E4DBFF = {
						CreatedOnToolsVersion = 6.4;
						TestTargetID = 69A3AF051B92C2EE00E4DBFF;
					};
				};
			};
			buildConfigurationList = 69A3AF011B92C2EE00E4DBFF /* Build configuration list for PBXProject "Foodie" */;
			compatibilityVersion = "Xcode 3.2";
			developmentRegion = English;
			hasScannedForEncodings = 0;
			knownRegions = (
				en,
				Base,
			);
			mainGroup = 69A3AEFD1B92C2EE00E4DBFF;
			productRefGroup = 69A3AF071B92C2EE00E4DBFF /* Products */;
			projectDirPath = "";
			projectRoot = "";
			targets = (
				69A3AF051B92C2EE00E4DBFF /* Foodie */,
				69A3AF1D1B92C2EE00E4DBFF /* FoodieTests */,
			);
		};
/* End PBXProject section */

/* Begin PBXResourcesBuildPhase section */
		69A3AF041B92C2EE00E4DBFF /* Resources */ = {
			isa = PBXResourcesBuildPhase;
			buildActionMask = 2147483647;
			files = (
				69A186DD1BD0B177005EDDF0 /* BrandonGrotesque-Black.otf in Resources */,
				69A186DE1BD0B177005EDDF0 /* BrandonGrotesque-BlackItalic.otf in Resources */,
				69A186DF1BD0B177005EDDF0 /* BrandonGrotesque-Bold.otf in Resources */,
				69A186E01BD0B177005EDDF0 /* BrandonGrotesque-BoldItalic.otf in Resources */,
				69A186E11BD0B177005EDDF0 /* BrandonGrotesque-Light.otf in Resources */,
				69A186E21BD0B177005EDDF0 /* BrandonGrotesque-LightItalic.otf in Resources */,
				69A186E31BD0B177005EDDF0 /* BrandonGrotesque-Medium.otf in Resources */,
				69A186E41BD0B177005EDDF0 /* BrandonGrotesque-MediumItalic.otf in Resources */,
				69A186E51BD0B177005EDDF0 /* BrandonGrotesque-Regular.otf in Resources */,
				69A186E61BD0B177005EDDF0 /* BrandonGrotesque-RegularItalic.otf in Resources */,
				69A186E71BD0B177005EDDF0 /* BrandonGrotesque-Thin.otf in Resources */,
				69A186E81BD0B177005EDDF0 /* BrandonGrotesque-ThinItalic.otf in Resources */,
				69A3AF141B92C2EE00E4DBFF /* Main.storyboard in Resources */,
				69A3AF191B92C2EE00E4DBFF /* LaunchScreen.xib in Resources */,
				69A3AF161B92C2EE00E4DBFF /* Images.xcassets in Resources */,
			);
			runOnlyForDeploymentPostprocessing = 0;
		};
		69A3AF1C1B92C2EE00E4DBFF /* Resources */ = {
			isa = PBXResourcesBuildPhase;
			buildActionMask = 2147483647;
			files = (
			);
			runOnlyForDeploymentPostprocessing = 0;
		};
/* End PBXResourcesBuildPhase section */

/* Begin PBXSourcesBuildPhase section */
		69A3AF021B92C2EE00E4DBFF /* Sources */ = {
			isa = PBXSourcesBuildPhase;
			buildActionMask = 2147483647;
			files = (
				69A3AF111B92C2EE00E4DBFF /* ViewController.swift in Sources */,
				69A3AF0C1B92C2EE00E4DBFF /* AppDelegate.swift in Sources */,
				69776E9A1B9B2CF3009961EB /* SwipeView.swift in Sources */,
				69A3AF611B97D17000E4DBFF /* CardsViewController.swift in Sources */,
				69A3AF631B97D90F00E4DBFF /* CardView.swift in Sources */,
				69A3AF4F1B94BE5B00E4DBFF /* User.swift in Sources */,
				69A3AF5F1B94D5CE00E4DBFF /* LoginViewController.swift in Sources */,
				69A3AF0F1B92C2EE00E4DBFF /* Foodie.xcdatamodeld in Sources */,
				69A3AF531B94C9D500E4DBFF /* Place.swift in Sources */,
				69A3AF511B94C7E000E4DBFF /* Match.swift in Sources */,
			);
			runOnlyForDeploymentPostprocessing = 0;
		};
		69A3AF1A1B92C2EE00E4DBFF /* Sources */ = {
			isa = PBXSourcesBuildPhase;
			buildActionMask = 2147483647;
			files = (
				69A3AF251B92C2EE00E4DBFF /* FoodieTests.swift in Sources */,
			);
			runOnlyForDeploymentPostprocessing = 0;
		};
/* End PBXSourcesBuildPhase section */

/* Begin PBXTargetDependency section */
		69A3AF201B92C2EE00E4DBFF /* PBXTargetDependency */ = {
			isa = PBXTargetDependency;
			target = 69A3AF051B92C2EE00E4DBFF /* Foodie */;
			targetProxy = 69A3AF1F1B92C2EE00E4DBFF /* PBXContainerItemProxy */;
		};
/* End PBXTargetDependency section */

/* Begin PBXVariantGroup section */
		69A3AF121B92C2EE00E4DBFF /* Main.storyboard */ = {
			isa = PBXVariantGroup;
			children = (
				69A3AF131B92C2EE00E4DBFF /* Base */,
			);
			name = Main.storyboard;
			sourceTree = "<group>";
		};
		69A3AF171B92C2EE00E4DBFF /* LaunchScreen.xib */ = {
			isa = PBXVariantGroup;
			children = (
				69A3AF181B92C2EE00E4DBFF /* Base */,
			);
			name = LaunchScreen.xib;
			sourceTree = "<group>";
		};
/* End PBXVariantGroup section */

/* Begin XCBuildConfiguration section */
		69A3AF261B92C2EE00E4DBFF /* Debug */ = {
			isa = XCBuildConfiguration;
			buildSettings = {
				ALWAYS_SEARCH_USER_PATHS = NO;
				CLANG_CXX_LANGUAGE_STANDARD = "gnu++0x";
				CLANG_CXX_LIBRARY = "libc++";
				CLANG_ENABLE_MODULES = YES;
				CLANG_ENABLE_OBJC_ARC = YES;
				CLANG_WARN_BOOL_CONVERSION = YES;
				CLANG_WARN_CONSTANT_CONVERSION = YES;
				CLANG_WARN_DIRECT_OBJC_ISA_USAGE = YES_ERROR;
				CLANG_WARN_EMPTY_BODY = YES;
				CLANG_WARN_ENUM_CONVERSION = YES;
				CLANG_WARN_INT_CONVERSION = YES;
				CLANG_WARN_OBJC_ROOT_CLASS = YES_ERROR;
				CLANG_WARN_UNREACHABLE_CODE = YES;
				CLANG_WARN__DUPLICATE_METHOD_MATCH = YES;
				"CODE_SIGN_IDENTITY[sdk=iphoneos*]" = "iPhone Developer";
				COPY_PHASE_STRIP = NO;
				DEBUG_INFORMATION_FORMAT = "dwarf-with-dsym";
				ENABLE_STRICT_OBJC_MSGSEND = YES;
				GCC_C_LANGUAGE_STANDARD = gnu99;
				GCC_DYNAMIC_NO_PIC = NO;
				GCC_NO_COMMON_BLOCKS = YES;
				GCC_OPTIMIZATION_LEVEL = 0;
				GCC_PREPROCESSOR_DEFINITIONS = (
					"DEBUG=1",
					"$(inherited)",
				);
				GCC_SYMBOLS_PRIVATE_EXTERN = NO;
				GCC_WARN_64_TO_32_BIT_CONVERSION = YES;
				GCC_WARN_ABOUT_RETURN_TYPE = YES_ERROR;
				GCC_WARN_UNDECLARED_SELECTOR = YES;
				GCC_WARN_UNINITIALIZED_AUTOS = YES_AGGRESSIVE;
				GCC_WARN_UNUSED_FUNCTION = YES;
				GCC_WARN_UNUSED_VARIABLE = YES;
				IPHONEOS_DEPLOYMENT_TARGET = 8.4;
				MTL_ENABLE_DEBUG_INFO = YES;
				ONLY_ACTIVE_ARCH = YES;
				SDKROOT = iphoneos;
				SWIFT_OPTIMIZATION_LEVEL = "-Onone";
			};
			name = Debug;
		};
		69A3AF271B92C2EE00E4DBFF /* Release */ = {
			isa = XCBuildConfiguration;
			buildSettings = {
				ALWAYS_SEARCH_USER_PATHS = NO;
				CLANG_CXX_LANGUAGE_STANDARD = "gnu++0x";
				CLANG_CXX_LIBRARY = "libc++";
				CLANG_ENABLE_MODULES = YES;
				CLANG_ENABLE_OBJC_ARC = YES;
				CLANG_WARN_BOOL_CONVERSION = YES;
				CLANG_WARN_CONSTANT_CONVERSION = YES;
				CLANG_WARN_DIRECT_OBJC_ISA_USAGE = YES_ERROR;
				CLANG_WARN_EMPTY_BODY = YES;
				CLANG_WARN_ENUM_CONVERSION = YES;
				CLANG_WARN_INT_CONVERSION = YES;
				CLANG_WARN_OBJC_ROOT_CLASS = YES_ERROR;
				CLANG_WARN_UNREACHABLE_CODE = YES;
				CLANG_WARN__DUPLICATE_METHOD_MATCH = YES;
				"CODE_SIGN_IDENTITY[sdk=iphoneos*]" = "iPhone Developer";
				COPY_PHASE_STRIP = NO;
				DEBUG_INFORMATION_FORMAT = "dwarf-with-dsym";
				ENABLE_NS_ASSERTIONS = NO;
				ENABLE_STRICT_OBJC_MSGSEND = YES;
				GCC_C_LANGUAGE_STANDARD = gnu99;
				GCC_NO_COMMON_BLOCKS = YES;
				GCC_WARN_64_TO_32_BIT_CONVERSION = YES;
				GCC_WARN_ABOUT_RETURN_TYPE = YES_ERROR;
				GCC_WARN_UNDECLARED_SELECTOR = YES;
				GCC_WARN_UNINITIALIZED_AUTOS = YES_AGGRESSIVE;
				GCC_WARN_UNUSED_FUNCTION = YES;
				GCC_WARN_UNUSED_VARIABLE = YES;
				IPHONEOS_DEPLOYMENT_TARGET = 8.4;
				MTL_ENABLE_DEBUG_INFO = NO;
				SDKROOT = iphoneos;
				VALIDATE_PRODUCT = YES;
			};
			name = Release;
		};
		69A3AF291B92C2EE00E4DBFF /* Debug */ = {
			isa = XCBuildConfiguration;
			buildSettings = {
				ASSETCATALOG_COMPILER_APPICON_NAME = AppIcon;
				FRAMEWORK_SEARCH_PATHS = (
					"$(inherited)",
					"$(PROJECT_DIR)",
					"/Users/justinebreuch/Downloads/FacebookSDKs-iOS-20150813",
				);
				INFOPLIST_FILE = Foodie/Info.plist;
				LD_RUNPATH_SEARCH_PATHS = "$(inherited) @executable_path/Frameworks";
				PRODUCT_NAME = "$(TARGET_NAME)";
			};
			name = Debug;
		};
		69A3AF2A1B92C2EE00E4DBFF /* Release */ = {
			isa = XCBuildConfiguration;
			buildSettings = {
				ASSETCATALOG_COMPILER_APPICON_NAME = AppIcon;
				FRAMEWORK_SEARCH_PATHS = (
					"$(inherited)",
					"$(PROJECT_DIR)",
					"/Users/justinebreuch/Downloads/FacebookSDKs-iOS-20150813",
				);
				INFOPLIST_FILE = Foodie/Info.plist;
				LD_RUNPATH_SEARCH_PATHS = "$(inherited) @executable_path/Frameworks";
				PRODUCT_NAME = "$(TARGET_NAME)";
			};
			name = Release;
		};
		69A3AF2C1B92C2EE00E4DBFF /* Debug */ = {
			isa = XCBuildConfiguration;
			buildSettings = {
				BUNDLE_LOADER = "$(TEST_HOST)";
				FRAMEWORK_SEARCH_PATHS = (
					"$(SDKROOT)/Developer/Library/Frameworks",
					"$(inherited)",
				);
				GCC_PREPROCESSOR_DEFINITIONS = (
					"DEBUG=1",
					"$(inherited)",
				);
				INFOPLIST_FILE = FoodieTests/Info.plist;
				LD_RUNPATH_SEARCH_PATHS = "$(inherited) @executable_path/Frameworks @loader_path/Frameworks";
				PRODUCT_NAME = "$(TARGET_NAME)";
				TEST_HOST = "$(BUILT_PRODUCTS_DIR)/Foodie.app/Foodie";
			};
			name = Debug;
		};
		69A3AF2D1B92C2EE00E4DBFF /* Release */ = {
			isa = XCBuildConfiguration;
			buildSettings = {
				BUNDLE_LOADER = "$(TEST_HOST)";
				FRAMEWORK_SEARCH_PATHS = (
					"$(SDKROOT)/Developer/Library/Frameworks",
					"$(inherited)",
				);
				INFOPLIST_FILE = FoodieTests/Info.plist;
				LD_RUNPATH_SEARCH_PATHS = "$(inherited) @executable_path/Frameworks @loader_path/Frameworks";
				PRODUCT_NAME = "$(TARGET_NAME)";
				TEST_HOST = "$(BUILT_PRODUCTS_DIR)/Foodie.app/Foodie";
			};
			name = Release;
		};
/* End XCBuildConfiguration section */

/* Begin XCConfigurationList section */
		69A3AF011B92C2EE00E4DBFF /* Build configuration list for PBXProject "Foodie" */ = {
			isa = XCConfigurationList;
			buildConfigurations = (
				69A3AF261B92C2EE00E4DBFF /* Debug */,
				69A3AF271B92C2EE00E4DBFF /* Release */,
			);
			defaultConfigurationIsVisible = 0;
			defaultConfigurationName = Release;
		};
		69A3AF281B92C2EE00E4DBFF /* Build configuration list for PBXNativeTarget "Foodie" */ = {
			isa = XCConfigurationList;
			buildConfigurations = (
				69A3AF291B92C2EE00E4DBFF /* Debug */,
				69A3AF2A1B92C2EE00E4DBFF /* Release */,
			);
			defaultConfigurationIsVisible = 0;
			defaultConfigurationName = Release;
		};
		69A3AF2B1B92C2EE00E4DBFF /* Build configuration list for PBXNativeTarget "FoodieTests" */ = {
			isa = XCConfigurationList;
			buildConfigurations = (
				69A3AF2C1B92C2EE00E4DBFF /* Debug */,
				69A3AF2D1B92C2EE00E4DBFF /* Release */,
			);
			defaultConfigurationIsVisible = 0;
			defaultConfigurationName = Release;
		};
/* End XCConfigurationList section */

/* Begin XCVersionGroup section */
		69A3AF0D1B92C2EE00E4DBFF /* Foodie.xcdatamodeld */ = {
			isa = XCVersionGroup;
			children = (
				69A3AF0E1B92C2EE00E4DBFF /* Foodie.xcdatamodel */,
			);
			currentVersion = 69A3AF0E1B92C2EE00E4DBFF /* Foodie.xcdatamodel */;
			path = Foodie.xcdatamodeld;
			sourceTree = "<group>";
			versionGroupType = wrapper.xcdatamodel;
		};
/* End XCVersionGroup section */
	};
	rootObject = 69A3AEFE1B92C2EE00E4DBFF /* Project object */;
}
